
Microsoft Visual Studio Solution File, Format Version 12.00
# Visual Studio Version 17
VisualStudioVersion = 17.8.34525.116
MinimumVisualStudioVersion = 10.0.40219.1
Project("{FAE04EC0-301F-11D3-BF4B-00C04F79EFBC}") = "WebAPIProducts", "WebAPIProducts\WebAPIProducts.csproj", "{240E42E4-D67C-4CA2-A85F-23F7C670D833}"
EndProject
Global
	GlobalSection(SolutionConfigurationPlatforms) = preSolution
		Debug|Any CPU = Debug|Any CPU
		Release|Any CPU = Release|Any CPU
	EndGlobalSection
	GlobalSection(ProjectConfigurationPlatforms) = postSolution
		{240E42E4-D67C-4CA2-A85F-23F7C670D833}.Debug|Any CPU.ActiveCfg = Debug|Any CPU
		{240E42E4-D67C-4CA2-A85F-23F7C670D833}.Debug|Any CPU.Build.0 = Debug|Any CPU
		{240E42E4-D67C-4CA2-A85F-23F7C670D833}.Release|Any CPU.ActiveCfg = Release|Any CPU
		{240E42E4-D67C-4CA2-A85F-23F7C670D833}.Release|Any CPU.Build.0 = Release|Any CPU
	EndGlobalSection
	GlobalSection(SolutionProperties) = preSolution
		HideSolutionNode = FALSE
	EndGlobalSection
	GlobalSection(ExtensibilityGlobals) = postSolution
		SolutionGuid = {4B78CA9E-7D24-41FB-8BD8-3866D2957E63}
	EndGlobalSection
EndGlobal
